// !$*UTF8*$!
{
	archiveVersion = 1;
	classes = {
	};
	objectVersion = 46;
	objects = {

/* Begin PBXBuildFile section */
		A44EBBD81FD591D900DDD6B1 /* FlipRetentionLooks.m in Sources */ = {isa = PBXBuildFile; fileRef = A44EBBD71FD591D900DDD6B1 /* FlipRetentionLooks.m */; };
		A44EBBDB1FD59BFD00DDD6B1 /* FlipRetentionInstructionLooks.m in Sources */ = {isa = PBXBuildFile; fileRef = A44EBBDA1FD59BFD00DDD6B1 /* FlipRetentionInstructionLooks.m */; };
		A44EBBDE1FD59C1000DDD6B1 /* FlipRetentionEndLooks.m in Sources */ = {isa = PBXBuildFile; fileRef = A44EBBDD1FD59C1000DDD6B1 /* FlipRetentionEndLooks.m */; };
		A45919521FD080B000FD967A /* FlipRetentionData.m in Sources */ = {isa = PBXBuildFile; fileRef = A45919511FD080B000FD967A /* FlipRetentionData.m */; };
		A45919551FD080D000FD967A /* FlipRetentionController.m in Sources */ = {isa = PBXBuildFile; fileRef = A45919541FD080D000FD967A /* FlipRetentionController.m */; };
		A49FBAC11FC477D300029B1F /* Homepage.m in Sources */ = {isa = PBXBuildFile; fileRef = A49FBAC01FC477D300029B1F /* Homepage.m */; };
		A4E20EB41FCDF3F2008D794C /* LogicalPursuit.m in Sources */ = {isa = PBXBuildFile; fileRef = A4E20EB31FCDF3F2008D794C /* LogicalPursuit.m */; };
		A4E20EB71FCDF41E008D794C /* LogicalPursuitController.m in Sources */ = {isa = PBXBuildFile; fileRef = A4E20EB61FCDF41E008D794C /* LogicalPursuitController.m */; };
		A4E3C5B11FC860AB0036F20C /* OpticalConundrumController.m in Sources */ = {isa = PBXBuildFile; fileRef = A4E3C5B01FC860AB0036F20C /* OpticalConundrumController.m */; };
		A4E3C5B41FC8642C0036F20C /* OpticalConundrumData.m in Sources */ = {isa = PBXBuildFile; fileRef = A4E3C5B31FC8642C0036F20C /* OpticalConundrumData.m */; };
		A4EA64BF1FBB45A80062D67F /* main.m in Sources */ = {isa = PBXBuildFile; fileRef = A4EA64BE1FBB45A80062D67F /* main.m */; };
		A4EA64C21FBB45A80062D67F /* AppDelegate.m in Sources */ = {isa = PBXBuildFile; fileRef = A4EA64C11FBB45A80062D67F /* AppDelegate.m */; };
		A4EA64C51FBB45A80062D67F /* ViewController.m in Sources */ = {isa = PBXBuildFile; fileRef = A4EA64C41FBB45A80062D67F /* ViewController.m */; };
		A4EA64C81FBB45A80062D67F /* Main.storyboard in Resources */ = {isa = PBXBuildFile; fileRef = A4EA64C61FBB45A80062D67F /* Main.storyboard */; };
		A4EA64CA1FBB45A80062D67F /* Assets.xcassets in Resources */ = {isa = PBXBuildFile; fileRef = A4EA64C91FBB45A80062D67F /* Assets.xcassets */; };
		A4EA64CD1FBB45A80062D67F /* LaunchScreen.storyboard in Resources */ = {isa = PBXBuildFile; fileRef = A4EA64CB1FBB45A80062D67F /* LaunchScreen.storyboard */; };
		A4EA64D81FBB45A80062D67F /* Axon_EvolutionTests.m in Sources */ = {isa = PBXBuildFile; fileRef = A4EA64D71FBB45A80062D67F /* Axon_EvolutionTests.m */; };
		A4EA64E31FBB45A80062D67F /* Axon_EvolutionUITests.m in Sources */ = {isa = PBXBuildFile; fileRef = A4EA64E21FBB45A80062D67F /* Axon_EvolutionUITests.m */; };
		A4EA64F21FC322B10062D67F /* ScoreTracker.m in Sources */ = {isa = PBXBuildFile; fileRef = A4EA64F11FC322B10062D67F /* ScoreTracker.m */; };
/* End PBXBuildFile section */

/* Begin PBXContainerItemProxy section */
		A4EA64D41FBB45A80062D67F /* PBXContainerItemProxy */ = {
			isa = PBXContainerItemProxy;
			containerPortal = A4EA64B21FBB45A70062D67F /* Project object */;
			proxyType = 1;
			remoteGlobalIDString = A4EA64B91FBB45A80062D67F;
			remoteInfo = "Axon Evolution";
		};
		A4EA64DF1FBB45A80062D67F /* PBXContainerItemProxy */ = {
			isa = PBXContainerItemProxy;
			containerPortal = A4EA64B21FBB45A70062D67F /* Project object */;
			proxyType = 1;
			remoteGlobalIDString = A4EA64B91FBB45A80062D67F;
			remoteInfo = "Axon Evolution";
		};
/* End PBXContainerItemProxy section */

/* Begin PBXFileReference section */
		A44EBBD61FD591D900DDD6B1 /* FlipRetentionLooks.h */ = {isa = PBXFileReference; fileEncoding = 4; lastKnownFileType = sourcecode.c.h; path = FlipRetentionLooks.h; sourceTree = "<group>"; };
		A44EBBD71FD591D900DDD6B1 /* FlipRetentionLooks.m */ = {isa = PBXFileReference; fileEncoding = 4; lastKnownFileType = sourcecode.c.objc; path = FlipRetentionLooks.m; sourceTree = "<group>"; };
		A44EBBD91FD59BFD00DDD6B1 /* FlipRetentionInstructionLooks.h */ = {isa = PBXFileReference; fileEncoding = 4; lastKnownFileType = sourcecode.c.h; path = FlipRetentionInstructionLooks.h; sourceTree = "<group>"; };
		A44EBBDA1FD59BFD00DDD6B1 /* FlipRetentionInstructionLooks.m */ = {isa = PBXFileReference; fileEncoding = 4; lastKnownFileType = sourcecode.c.objc; path = FlipRetentionInstructionLooks.m; sourceTree = "<group>"; };
		A44EBBDC1FD59C1000DDD6B1 /* FlipRetentionEndLooks.h */ = {isa = PBXFileReference; fileEncoding = 4; lastKnownFileType = sourcecode.c.h; path = FlipRetentionEndLooks.h; sourceTree = "<group>"; };
		A44EBBDD1FD59C1000DDD6B1 /* FlipRetentionEndLooks.m */ = {isa = PBXFileReference; fileEncoding = 4; lastKnownFileType = sourcecode.c.objc; path = FlipRetentionEndLooks.m; sourceTree = "<group>"; };
		A45919501FD080B000FD967A /* FlipRetentionData.h */ = {isa = PBXFileReference; fileEncoding = 4; lastKnownFileType = sourcecode.c.h; path = FlipRetentionData.h; sourceTree = "<group>"; };
		A45919511FD080B000FD967A /* FlipRetentionData.m */ = {isa = PBXFileReference; fileEncoding = 4; lastKnownFileType = sourcecode.c.objc; path = FlipRetentionData.m; sourceTree = "<group>"; };
		A45919531FD080D000FD967A /* FlipRetentionController.h */ = {isa = PBXFileReference; fileEncoding = 4; lastKnownFileType = sourcecode.c.h; path = FlipRetentionController.h; sourceTree = "<group>"; };
		A45919541FD080D000FD967A /* FlipRetentionController.m */ = {isa = PBXFileReference; fileEncoding = 4; lastKnownFileType = sourcecode.c.objc; path = FlipRetentionController.m; sourceTree = "<group>"; };
		A49FBABF1FC477D300029B1F /* Homepage.h */ = {isa = PBXFileReference; fileEncoding = 4; lastKnownFileType = sourcecode.c.h; name = Homepage.h; path = ../Homepage.h; sourceTree = "<group>"; };
		A49FBAC01FC477D300029B1F /* Homepage.m */ = {isa = PBXFileReference; fileEncoding = 4; lastKnownFileType = sourcecode.c.objc; name = Homepage.m; path = ../Homepage.m; sourceTree = "<group>"; };
		A4E20EB21FCDF3F2008D794C /* LogicalPursuit.h */ = {isa = PBXFileReference; fileEncoding = 4; lastKnownFileType = sourcecode.c.h; path = LogicalPursuit.h; sourceTree = "<group>"; };
		A4E20EB31FCDF3F2008D794C /* LogicalPursuit.m */ = {isa = PBXFileReference; fileEncoding = 4; lastKnownFileType = sourcecode.c.objc; path = LogicalPursuit.m; sourceTree = "<group>"; };
		A4E20EB51FCDF41E008D794C /* LogicalPursuitController.h */ = {isa = PBXFileReference; fileEncoding = 4; lastKnownFileType = sourcecode.c.h; path = LogicalPursuitController.h; sourceTree = "<group>"; };
		A4E20EB61FCDF41E008D794C /* LogicalPursuitController.m */ = {isa = PBXFileReference; fileEncoding = 4; lastKnownFileType = sourcecode.c.objc; path = LogicalPursuitController.m; sourceTree = "<group>"; };
		A4E3C5AF1FC860AB0036F20C /* OpticalConundrumController.h */ = {isa = PBXFileReference; fileEncoding = 4; lastKnownFileType = sourcecode.c.h; name = OpticalConundrumController.h; path = ../OpticalConundrumController.h; sourceTree = "<group>"; };
		A4E3C5B01FC860AB0036F20C /* OpticalConundrumController.m */ = {isa = PBXFileReference; fileEncoding = 4; lastKnownFileType = sourcecode.c.objc; name = OpticalConundrumController.m; path = ../OpticalConundrumController.m; sourceTree = "<group>"; };
		A4E3C5B21FC8642C0036F20C /* OpticalConundrumData.h */ = {isa = PBXFileReference; fileEncoding = 4; lastKnownFileType = sourcecode.c.h; path = OpticalConundrumData.h; sourceTree = "<group>"; };
		A4E3C5B31FC8642C0036F20C /* OpticalConundrumData.m */ = {isa = PBXFileReference; fileEncoding = 4; lastKnownFileType = sourcecode.c.objc; path = OpticalConundrumData.m; sourceTree = "<group>"; };
		A4EA64BA1FBB45A80062D67F /* Axon Evolution.app */ = {isa = PBXFileReference; explicitFileType = wrapper.application; includeInIndex = 0; path = "Axon Evolution.app"; sourceTree = BUILT_PRODUCTS_DIR; };
		A4EA64BE1FBB45A80062D67F /* main.m */ = {isa = PBXFileReference; lastKnownFileType = sourcecode.c.objc; path = main.m; sourceTree = "<group>"; };
		A4EA64C01FBB45A80062D67F /* AppDelegate.h */ = {isa = PBXFileReference; lastKnownFileType = sourcecode.c.h; path = AppDelegate.h; sourceTree = "<group>"; };
		A4EA64C11FBB45A80062D67F /* AppDelegate.m */ = {isa = PBXFileReference; lastKnownFileType = sourcecode.c.objc; path = AppDelegate.m; sourceTree = "<group>"; };
		A4EA64C31FBB45A80062D67F /* ViewController.h */ = {isa = PBXFileReference; lastKnownFileType = sourcecode.c.h; path = ViewController.h; sourceTree = "<group>"; };
		A4EA64C41FBB45A80062D67F /* ViewController.m */ = {isa = PBXFileReference; lastKnownFileType = sourcecode.c.objc; path = ViewController.m; sourceTree = "<group>"; };
		A4EA64C71FBB45A80062D67F /* Base */ = {isa = PBXFileReference; lastKnownFileType = file.storyboard; name = Base; path = Base.lproj/Main.storyboard; sourceTree = "<group>"; };
		A4EA64C91FBB45A80062D67F /* Assets.xcassets */ = {isa = PBXFileReference; lastKnownFileType = folder.assetcatalog; path = Assets.xcassets; sourceTree = "<group>"; };
		A4EA64CC1FBB45A80062D67F /* Base */ = {isa = PBXFileReference; lastKnownFileType = file.storyboard; name = Base; path = Base.lproj/LaunchScreen.storyboard; sourceTree = "<group>"; };
		A4EA64CE1FBB45A80062D67F /* Info.plist */ = {isa = PBXFileReference; lastKnownFileType = text.plist.xml; path = Info.plist; sourceTree = "<group>"; };
		A4EA64D31FBB45A80062D67F /* Axon EvolutionTests.xctest */ = {isa = PBXFileReference; explicitFileType = wrapper.cfbundle; includeInIndex = 0; path = "Axon EvolutionTests.xctest"; sourceTree = BUILT_PRODUCTS_DIR; };
		A4EA64D71FBB45A80062D67F /* Axon_EvolutionTests.m */ = {isa = PBXFileReference; lastKnownFileType = sourcecode.c.objc; path = Axon_EvolutionTests.m; sourceTree = "<group>"; };
		A4EA64D91FBB45A80062D67F /* Info.plist */ = {isa = PBXFileReference; lastKnownFileType = text.plist.xml; path = Info.plist; sourceTree = "<group>"; };
		A4EA64DE1FBB45A80062D67F /* Axon EvolutionUITests.xctest */ = {isa = PBXFileReference; explicitFileType = wrapper.cfbundle; includeInIndex = 0; path = "Axon EvolutionUITests.xctest"; sourceTree = BUILT_PRODUCTS_DIR; };
		A4EA64E21FBB45A80062D67F /* Axon_EvolutionUITests.m */ = {isa = PBXFileReference; lastKnownFileType = sourcecode.c.objc; path = Axon_EvolutionUITests.m; sourceTree = "<group>"; };
		A4EA64E41FBB45A80062D67F /* Info.plist */ = {isa = PBXFileReference; lastKnownFileType = text.plist.xml; path = Info.plist; sourceTree = "<group>"; };
		A4EA64F01FC322B10062D67F /* ScoreTracker.h */ = {isa = PBXFileReference; fileEncoding = 4; lastKnownFileType = sourcecode.c.h; path = ScoreTracker.h; sourceTree = SOURCE_ROOT; };
		A4EA64F11FC322B10062D67F /* ScoreTracker.m */ = {isa = PBXFileReference; fileEncoding = 4; lastKnownFileType = sourcecode.c.objc; path = ScoreTracker.m; sourceTree = SOURCE_ROOT; };
/* End PBXFileReference section */

/* Begin PBXFrameworksBuildPhase section */
		A4EA64B71FBB45A80062D67F /* Frameworks */ = {
			isa = PBXFrameworksBuildPhase;
			buildActionMask = 2147483647;
			files = (
			);
			runOnlyForDeploymentPostprocessing = 0;
		};
		A4EA64D01FBB45A80062D67F /* Frameworks */ = {
			isa = PBXFrameworksBuildPhase;
			buildActionMask = 2147483647;
			files = (
			);
			runOnlyForDeploymentPostprocessing = 0;
		};
		A4EA64DB1FBB45A80062D67F /* Frameworks */ = {
			isa = PBXFrameworksBuildPhase;
			buildActionMask = 2147483647;
			files = (
			);
			runOnlyForDeploymentPostprocessing = 0;
		};
/* End PBXFrameworksBuildPhase section */

/* Begin PBXGroup section */
		A4EA64B11FBB45A70062D67F = {
			isa = PBXGroup;
			children = (
				A4EA64BC1FBB45A80062D67F /* Axon Evolution */,
				A4EA64D61FBB45A80062D67F /* Axon EvolutionTests */,
				A4EA64E11FBB45A80062D67F /* Axon EvolutionUITests */,
				A4EA64BB1FBB45A80062D67F /* Products */,
			);
			sourceTree = "<group>";
		};
		A4EA64BB1FBB45A80062D67F /* Products */ = {
			isa = PBXGroup;
			children = (
				A4EA64BA1FBB45A80062D67F /* Axon Evolution.app */,
				A4EA64D31FBB45A80062D67F /* Axon EvolutionTests.xctest */,
				A4EA64DE1FBB45A80062D67F /* Axon EvolutionUITests.xctest */,
			);
			name = Products;
			sourceTree = "<group>";
		};
		A4EA64BC1FBB45A80062D67F /* Axon Evolution */ = {
			isa = PBXGroup;
			children = (
				A4EA64C01FBB45A80062D67F /* AppDelegate.h */,
				A4EA64C11FBB45A80062D67F /* AppDelegate.m */,
				A4E3C5AF1FC860AB0036F20C /* OpticalConundrumController.h */,
				A4E3C5B01FC860AB0036F20C /* OpticalConundrumController.m */,
				A4E3C5B21FC8642C0036F20C /* OpticalConundrumData.h */,
				A4E3C5B31FC8642C0036F20C /* OpticalConundrumData.m */,
				A4E20EB51FCDF41E008D794C /* LogicalPursuitController.h */,
				A4E20EB61FCDF41E008D794C /* LogicalPursuitController.m */,
				A4E20EB21FCDF3F2008D794C /* LogicalPursuit.h */,
				A4E20EB31FCDF3F2008D794C /* LogicalPursuit.m */,
				A45919531FD080D000FD967A /* FlipRetentionController.h */,
				A45919541FD080D000FD967A /* FlipRetentionController.m */,
				A45919501FD080B000FD967A /* FlipRetentionData.h */,
				A45919511FD080B000FD967A /* FlipRetentionData.m */,
				A44EBBD61FD591D900DDD6B1 /* FlipRetentionLooks.h */,
				A44EBBD71FD591D900DDD6B1 /* FlipRetentionLooks.m */,
				A44EBBDC1FD59C1000DDD6B1 /* FlipRetentionEndLooks.h */,
				A44EBBDD1FD59C1000DDD6B1 /* FlipRetentionEndLooks.m */,
				A44EBBD91FD59BFD00DDD6B1 /* FlipRetentionInstructionLooks.h */,
				A44EBBDA1FD59BFD00DDD6B1 /* FlipRetentionInstructionLooks.m */,
				A4EA64C31FBB45A80062D67F /* ViewController.h */,
				A4EA64C41FBB45A80062D67F /* ViewController.m */,
				A49FBABF1FC477D300029B1F /* Homepage.h */,
				A49FBAC01FC477D300029B1F /* Homepage.m */,
				A4EA64F01FC322B10062D67F /* ScoreTracker.h */,
				A4EA64F11FC322B10062D67F /* ScoreTracker.m */,
				A4EA64C61FBB45A80062D67F /* Main.storyboard */,
				A4EA64C91FBB45A80062D67F /* Assets.xcassets */,
				A4EA64CB1FBB45A80062D67F /* LaunchScreen.storyboard */,
				A4EA64CE1FBB45A80062D67F /* Info.plist */,
				A4EA64BD1FBB45A80062D67F /* Supporting Files */,
			);
			path = "Axon Evolution";
			sourceTree = "<group>";
		};
		A4EA64BD1FBB45A80062D67F /* Supporting Files */ = {
			isa = PBXGroup;
			children = (
				A4EA64BE1FBB45A80062D67F /* main.m */,
			);
			name = "Supporting Files";
			sourceTree = "<group>";
		};
		A4EA64D61FBB45A80062D67F /* Axon EvolutionTests */ = {
			isa = PBXGroup;
			children = (
				A4EA64D71FBB45A80062D67F /* Axon_EvolutionTests.m */,
				A4EA64D91FBB45A80062D67F /* Info.plist */,
			);
			path = "Axon EvolutionTests";
			sourceTree = "<group>";
		};
		A4EA64E11FBB45A80062D67F /* Axon EvolutionUITests */ = {
			isa = PBXGroup;
			children = (
				A4EA64E21FBB45A80062D67F /* Axon_EvolutionUITests.m */,
				A4EA64E41FBB45A80062D67F /* Info.plist */,
			);
			path = "Axon EvolutionUITests";
			sourceTree = "<group>";
		};
/* End PBXGroup section */

/* Begin PBXNativeTarget section */
		A4EA64B91FBB45A80062D67F /* Axon Evolution */ = {
			isa = PBXNativeTarget;
			buildConfigurationList = A4EA64E71FBB45A80062D67F /* Build configuration list for PBXNativeTarget "Axon Evolution" */;
			buildPhases = (
				A4EA64B61FBB45A80062D67F /* Sources */,
				A4EA64B71FBB45A80062D67F /* Frameworks */,
				A4EA64B81FBB45A80062D67F /* Resources */,
			);
			buildRules = (
			);
			dependencies = (
			);
			name = "Axon Evolution";
			productName = "Axon Evolution";
			productReference = A4EA64BA1FBB45A80062D67F /* Axon Evolution.app */;
			productType = "com.apple.product-type.application";
		};
		A4EA64D21FBB45A80062D67F /* Axon EvolutionTests */ = {
			isa = PBXNativeTarget;
			buildConfigurationList = A4EA64EA1FBB45A80062D67F /* Build configuration list for PBXNativeTarget "Axon EvolutionTests" */;
			buildPhases = (
				A4EA64CF1FBB45A80062D67F /* Sources */,
				A4EA64D01FBB45A80062D67F /* Frameworks */,
				A4EA64D11FBB45A80062D67F /* Resources */,
			);
			buildRules = (
			);
			dependencies = (
				A4EA64D51FBB45A80062D67F /* PBXTargetDependency */,
			);
			name = "Axon EvolutionTests";
			productName = "Axon EvolutionTests";
			productReference = A4EA64D31FBB45A80062D67F /* Axon EvolutionTests.xctest */;
			productType = "com.apple.product-type.bundle.unit-test";
		};
		A4EA64DD1FBB45A80062D67F /* Axon EvolutionUITests */ = {
			isa = PBXNativeTarget;
			buildConfigurationList = A4EA64ED1FBB45A80062D67F /* Build configuration list for PBXNativeTarget "Axon EvolutionUITests" */;
			buildPhases = (
				A4EA64DA1FBB45A80062D67F /* Sources */,
				A4EA64DB1FBB45A80062D67F /* Frameworks */,
				A4EA64DC1FBB45A80062D67F /* Resources */,
			);
			buildRules = (
			);
			dependencies = (
				A4EA64E01FBB45A80062D67F /* PBXTargetDependency */,
			);
			name = "Axon EvolutionUITests";
			productName = "Axon EvolutionUITests";
			productReference = A4EA64DE1FBB45A80062D67F /* Axon EvolutionUITests.xctest */;
			productType = "com.apple.product-type.bundle.ui-testing";
		};
/* End PBXNativeTarget section */

/* Begin PBXProject section */
		A4EA64B21FBB45A70062D67F /* Project object */ = {
			isa = PBXProject;
			attributes = {
				LastUpgradeCheck = 0800;
				ORGANIZATIONNAME = "University of Leeds";
				TargetAttributes = {
					A4EA64B91FBB45A80062D67F = {
						CreatedOnToolsVersion = 8.0;
						ProvisioningStyle = Automatic;
					};
					A4EA64D21FBB45A80062D67F = {
						CreatedOnToolsVersion = 8.0;
						ProvisioningStyle = Automatic;
						TestTargetID = A4EA64B91FBB45A80062D67F;
					};
					A4EA64DD1FBB45A80062D67F = {
						CreatedOnToolsVersion = 8.0;
						ProvisioningStyle = Automatic;
						TestTargetID = A4EA64B91FBB45A80062D67F;
					};
				};
			};
			buildConfigurationList = A4EA64B51FBB45A80062D67F /* Build configuration list for PBXProject "Axon Evolution" */;
			compatibilityVersion = "Xcode 3.2";
			developmentRegion = English;
			hasScannedForEncodings = 0;
			knownRegions = (
				en,
				Base,
			);
			mainGroup = A4EA64B11FBB45A70062D67F;
			productRefGroup = A4EA64BB1FBB45A80062D67F /* Products */;
			projectDirPath = "";
			projectRoot = "";
			targets = (
				A4EA64B91FBB45A80062D67F /* Axon Evolution */,
				A4EA64D21FBB45A80062D67F /* Axon EvolutionTests */,
				A4EA64DD1FBB45A80062D67F /* Axon EvolutionUITests */,
			);
		};
/* End PBXProject section */

/* Begin PBXResourcesBuildPhase section */
		A4EA64B81FBB45A80062D67F /* Resources */ = {
			isa = PBXResourcesBuildPhase;
			buildActionMask = 2147483647;
			files = (
				A4EA64CD1FBB45A80062D67F /* LaunchScreen.storyboard in Resources */,
				A4EA64CA1FBB45A80062D67F /* Assets.xcassets in Resources */,
				A4EA64C81FBB45A80062D67F /* Main.storyboard in Resources */,
			);
			runOnlyForDeploymentPostprocessing = 0;
		};
		A4EA64D11FBB45A80062D67F /* Resources */ = {
			isa = PBXResourcesBuildPhase;
			buildActionMask = 2147483647;
			files = (
			);
			runOnlyForDeploymentPostprocessing = 0;
		};
		A4EA64DC1FBB45A80062D67F /* Resources */ = {
			isa = PBXResourcesBuildPhase;
			buildActionMask = 2147483647;
			files = (
			);
			runOnlyForDeploymentPostprocessing = 0;
		};
/* End PBXResourcesBuildPhase section */

/* Begin PBXSourcesBuildPhase section */
		A4EA64B61FBB45A80062D67F /* Sources */ = {
			isa = PBXSourcesBuildPhase;
			buildActionMask = 2147483647;
			files = (
				A4EA64C51FBB45A80062D67F /* ViewController.m in Sources */,
				A4E20EB71FCDF41E008D794C /* LogicalPursuitController.m in Sources */,
				A44EBBDE1FD59C1000DDD6B1 /* FlipRetentionEndLooks.m in Sources */,
				A4EA64F21FC322B10062D67F /* ScoreTracker.m in Sources */,
				A4E20EB41FCDF3F2008D794C /* LogicalPursuit.m in Sources */,
				A44EBBDB1FD59BFD00DDD6B1 /* FlipRetentionInstructionLooks.m in Sources */,
				A49FBAC11FC477D300029B1F /* Homepage.m in Sources */,
				A45919551FD080D000FD967A /* FlipRetentionController.m in Sources */,
				A4EA64C21FBB45A80062D67F /* AppDelegate.m in Sources */,
				A4E3C5B11FC860AB0036F20C /* OpticalConundrumController.m in Sources */,
				A4EA64BF1FBB45A80062D67F /* main.m in Sources */,
				A4E3C5B41FC8642C0036F20C /* OpticalConundrumData.m in Sources */,
				A44EBBD81FD591D900DDD6B1 /* FlipRetentionLooks.m in Sources */,
				A45919521FD080B000FD967A /* FlipRetentionData.m in Sources */,
			);
			runOnlyForDeploymentPostprocessing = 0;
		};
		A4EA64CF1FBB45A80062D67F /* Sources */ = {
			isa = PBXSourcesBuildPhase;
			buildActionMask = 2147483647;
			files = (
				A4EA64D81FBB45A80062D67F /* Axon_EvolutionTests.m in Sources */,
			);
			runOnlyForDeploymentPostprocessing = 0;
		};
		A4EA64DA1FBB45A80062D67F /* Sources */ = {
			isa = PBXSourcesBuildPhase;
			buildActionMask = 2147483647;
			files = (
				A4EA64E31FBB45A80062D67F /* Axon_EvolutionUITests.m in Sources */,
			);
			runOnlyForDeploymentPostprocessing = 0;
		};
/* End PBXSourcesBuildPhase section */

/* Begin PBXTargetDependency section */
		A4EA64D51FBB45A80062D67F /* PBXTargetDependency */ = {
			isa = PBXTargetDependency;
			target = A4EA64B91FBB45A80062D67F /* Axon Evolution */;
			targetProxy = A4EA64D41FBB45A80062D67F /* PBXContainerItemProxy */;
		};
		A4EA64E01FBB45A80062D67F /* PBXTargetDependency */ = {
			isa = PBXTargetDependency;
			target = A4EA64B91FBB45A80062D67F /* Axon Evolution */;
			targetProxy = A4EA64DF1FBB45A80062D67F /* PBXContainerItemProxy */;
		};
/* End PBXTargetDependency section */

/* Begin PBXVariantGroup section */
		A4EA64C61FBB45A80062D67F /* Main.storyboard */ = {
			isa = PBXVariantGroup;
			children = (
				A4EA64C71FBB45A80062D67F /* Base */,
			);
			name = Main.storyboard;
			sourceTree = "<group>";
		};
		A4EA64CB1FBB45A80062D67F /* LaunchScreen.storyboard */ = {
			isa = PBXVariantGroup;
			children = (
				A4EA64CC1FBB45A80062D67F /* Base */,
			);
			name = LaunchScreen.storyboard;
			sourceTree = "<group>";
		};
/* End PBXVariantGroup section */

/* Begin XCBuildConfiguration section */
		A4EA64E51FBB45A80062D67F /* Debug */ = {
			isa = XCBuildConfiguration;
			buildSettings = {
				ALWAYS_SEARCH_USER_PATHS = NO;
				CLANG_ANALYZER_NONNULL = YES;
				CLANG_CXX_LANGUAGE_STANDARD = "gnu++0x";
				CLANG_CXX_LIBRARY = "libc++";
				CLANG_ENABLE_MODULES = YES;
				CLANG_ENABLE_OBJC_ARC = YES;
				CLANG_WARN_BOOL_CONVERSION = YES;
				CLANG_WARN_CONSTANT_CONVERSION = YES;
				CLANG_WARN_DIRECT_OBJC_ISA_USAGE = YES_ERROR;
				CLANG_WARN_DOCUMENTATION_COMMENTS = YES;
				CLANG_WARN_EMPTY_BODY = YES;
				CLANG_WARN_ENUM_CONVERSION = YES;
				CLANG_WARN_INFINITE_RECURSION = YES;
				CLANG_WARN_INT_CONVERSION = YES;
				CLANG_WARN_OBJC_ROOT_CLASS = YES_ERROR;
				CLANG_WARN_SUSPICIOUS_MOVES = YES;
				CLANG_WARN_UNREACHABLE_CODE = YES;
				CLANG_WARN__DUPLICATE_METHOD_MATCH = YES;
				"CODE_SIGN_IDENTITY[sdk=iphoneos*]" = "iPhone Developer";
				COPY_PHASE_STRIP = NO;
				DEBUG_INFORMATION_FORMAT = dwarf;
				ENABLE_STRICT_OBJC_MSGSEND = YES;
				ENABLE_TESTABILITY = YES;
				GCC_C_LANGUAGE_STANDARD = gnu99;
				GCC_DYNAMIC_NO_PIC = NO;
				GCC_NO_COMMON_BLOCKS = YES;
				GCC_OPTIMIZATION_LEVEL = 0;
				GCC_PREPROCESSOR_DEFINITIONS = (
					"DEBUG=1",
					"$(inherited)",
				);
				GCC_WARN_64_TO_32_BIT_CONVERSION = YES;
				GCC_WARN_ABOUT_RETURN_TYPE = YES_ERROR;
				GCC_WARN_UNDECLARED_SELECTOR = YES;
				GCC_WARN_UNINITIALIZED_AUTOS = YES_AGGRESSIVE;
				GCC_WARN_UNUSED_FUNCTION = YES;
				GCC_WARN_UNUSED_VARIABLE = YES;
				IPHONEOS_DEPLOYMENT_TARGET = 10.0;
				MTL_ENABLE_DEBUG_INFO = YES;
				ONLY_ACTIVE_ARCH = YES;
				SDKROOT = iphoneos;
				TARGETED_DEVICE_FAMILY = "1,2";
			};
			name = Debug;
		};
		A4EA64E61FBB45A80062D67F /* Release */ = {
			isa = XCBuildConfiguration;
			buildSettings = {
				ALWAYS_SEARCH_USER_PATHS = NO;
				CLANG_ANALYZER_NONNULL = YES;
				CLANG_CXX_LANGUAGE_STANDARD = "gnu++0x";
				CLANG_CXX_LIBRARY = "libc++";
				CLANG_ENABLE_MODULES = YES;
				CLANG_ENABLE_OBJC_ARC = YES;
				CLANG_WARN_BOOL_CONVERSION = YES;
				CLANG_WARN_CONSTANT_CONVERSION = YES;
				CLANG_WARN_DIRECT_OBJC_ISA_USAGE = YES_ERROR;
				CLANG_WARN_DOCUMENTATION_COMMENTS = YES;
				CLANG_WARN_EMPTY_BODY = YES;
				CLANG_WARN_ENUM_CONVERSION = YES;
				CLANG_WARN_INFINITE_RECURSION = YES;
				CLANG_WARN_INT_CONVERSION = YES;
				CLANG_WARN_OBJC_ROOT_CLASS = YES_ERROR;
				CLANG_WARN_SUSPICIOUS_MOVES = YES;
				CLANG_WARN_UNREACHABLE_CODE = YES;
				CLANG_WARN__DUPLICATE_METHOD_MATCH = YES;
				"CODE_SIGN_IDENTITY[sdk=iphoneos*]" = "iPhone Developer";
				COPY_PHASE_STRIP = NO;
				DEBUG_INFORMATION_FORMAT = "dwarf-with-dsym";
				ENABLE_NS_ASSERTIONS = NO;
				ENABLE_STRICT_OBJC_MSGSEND = YES;
				GCC_C_LANGUAGE_STANDARD = gnu99;
				GCC_NO_COMMON_BLOCKS = YES;
				GCC_WARN_64_TO_32_BIT_CONVERSION = YES;
				GCC_WARN_ABOUT_RETURN_TYPE = YES_ERROR;
				GCC_WARN_UNDECLARED_SELECTOR = YES;
				GCC_WARN_UNINITIALIZED_AUTOS = YES_AGGRESSIVE;
				GCC_WARN_UNUSED_FUNCTION = YES;
				GCC_WARN_UNUSED_VARIABLE = YES;
				IPHONEOS_DEPLOYMENT_TARGET = 10.0;
				MTL_ENABLE_DEBUG_INFO = NO;
				SDKROOT = iphoneos;
				TARGETED_DEVICE_FAMILY = "1,2";
				VALIDATE_PRODUCT = YES;
			};
			name = Release;
		};
		A4EA64E81FBB45A80062D67F /* Debug */ = {
			isa = XCBuildConfiguration;
			buildSettings = {
				ASSETCATALOG_COMPILER_APPICON_NAME = AppIcon;
				INFOPLIST_FILE = "Axon Evolution/Info.plist";
				LD_RUNPATH_SEARCH_PATHS = "$(inherited) @executable_path/Frameworks";
				PRODUCT_BUNDLE_IDENTIFIER = "uk.ac.leeds.Axon-Evolution";
				PRODUCT_NAME = "$(TARGET_NAME)";
			};
			name = Debug;
		};
		A4EA64E91FBB45A80062D67F /* Release */ = {
			isa = XCBuildConfiguration;
			buildSettings = {
				ASSETCATALOG_COMPILER_APPICON_NAME = AppIcon;
				INFOPLIST_FILE = "Axon Evolution/Info.plist";
				LD_RUNPATH_SEARCH_PATHS = "$(inherited) @executable_path/Frameworks";
				PRODUCT_BUNDLE_IDENTIFIER = "uk.ac.leeds.Axon-Evolution";
				PRODUCT_NAME = "$(TARGET_NAME)";
			};
			name = Release;
		};
		A4EA64EB1FBB45A80062D67F /* Debug */ = {
			isa = XCBuildConfiguration;
			buildSettings = {
				BUNDLE_LOADER = "$(TEST_HOST)";
				INFOPLIST_FILE = "Axon EvolutionTests/Info.plist";
				LD_RUNPATH_SEARCH_PATHS = "$(inherited) @executable_path/Frameworks @loader_path/Frameworks";
				PRODUCT_BUNDLE_IDENTIFIER = "uk.ac.leeds.Axon-EvolutionTests";
				PRODUCT_NAME = "$(TARGET_NAME)";
				TEST_HOST = "$(BUILT_PRODUCTS_DIR)/Axon Evolution.app/Axon Evolution";
			};
			name = Debug;
		};
		A4EA64EC1FBB45A80062D67F /* Release */ = {
			isa = XCBuildConfiguration;
			buildSettings = {
				BUNDLE_LOADER = "$(TEST_HOST)";
				INFOPLIST_FILE = "Axon EvolutionTests/Info.plist";
				LD_RUNPATH_SEARCH_PATHS = "$(inherited) @executable_path/Frameworks @loader_path/Frameworks";
				PRODUCT_BUNDLE_IDENTIFIER = "uk.ac.leeds.Axon-EvolutionTests";
				PRODUCT_NAME = "$(TARGET_NAME)";
				TEST_HOST = "$(BUILT_PRODUCTS_DIR)/Axon Evolution.app/Axon Evolution";
			};
			name = Release;
		};
		A4EA64EE1FBB45A80062D67F /* Debug */ = {
			isa = XCBuildConfiguration;
			buildSettings = {
				INFOPLIST_FILE = "Axon EvolutionUITests/Info.plist";
				LD_RUNPATH_SEARCH_PATHS = "$(inherited) @executable_path/Frameworks @loader_path/Frameworks";
				PRODUCT_BUNDLE_IDENTIFIER = "uk.ac.leeds.Axon-EvolutionUITests";
				PRODUCT_NAME = "$(TARGET_NAME)";
				TEST_TARGET_NAME = "Axon Evolution";
			};
			name = Debug;
		};
		A4EA64EF1FBB45A80062D67F /* Release */ = {
			isa = XCBuildConfiguration;
			buildSettings = {
				INFOPLIST_FILE = "Axon EvolutionUITests/Info.plist";
				LD_RUNPATH_SEARCH_PATHS = "$(inherited) @executable_path/Frameworks @loader_path/Frameworks";
				PRODUCT_BUNDLE_IDENTIFIER = "uk.ac.leeds.Axon-EvolutionUITests";
				PRODUCT_NAME = "$(TARGET_NAME)";
				TEST_TARGET_NAME = "Axon Evolution";
			};
			name = Release;
		};
/* End XCBuildConfiguration section */

/* Begin XCConfigurationList section */
		A4EA64B51FBB45A80062D67F /* Build configuration list for PBXProject "Axon Evolution" */ = {
			isa = XCConfigurationList;
			buildConfigurations = (
				A4EA64E51FBB45A80062D67F /* Debug */,
				A4EA64E61FBB45A80062D67F /* Release */,
			);
			defaultConfigurationIsVisible = 0;
			defaultConfigurationName = Release;
		};
		A4EA64E71FBB45A80062D67F /* Build configuration list for PBXNativeTarget "Axon Evolution" */ = {
			isa = XCConfigurationList;
			buildConfigurations = (
				A4EA64E81FBB45A80062D67F /* Debug */,
				A4EA64E91FBB45A80062D67F /* Release */,
			);
			defaultConfigurationIsVisible = 0;
			defaultConfigurationName = Release;
		};
		A4EA64EA1FBB45A80062D67F /* Build configuration list for PBXNativeTarget "Axon EvolutionTests" */ = {
			isa = XCConfigurationList;
			buildConfigurations = (
				A4EA64EB1FBB45A80062D67F /* Debug */,
				A4EA64EC1FBB45A80062D67F /* Release */,
			);
			defaultConfigurationIsVisible = 0;
			defaultConfigurationName = Release;
		};
		A4EA64ED1FBB45A80062D67F /* Build configuration list for PBXNativeTarget "Axon EvolutionUITests" */ = {
			isa = XCConfigurationList;
			buildConfigurations = (
				A4EA64EE1FBB45A80062D67F /* Debug */,
				A4EA64EF1FBB45A80062D67F /* Release */,
			);
			defaultConfigurationIsVisible = 0;
			defaultConfigurationName = Release;
		};
/* End XCConfigurationList section */
	};
	rootObject = A4EA64B21FBB45A70062D67F /* Project object */;
}
